<?xml version="1.0" encoding="utf-8"?>
<Project ToolsVersion="4.0" xmlns="http://schemas.microsoft.com/developer/msbuild/2003">
  <ItemGroup>
    <Filter Include="Source Files">
      <UniqueIdentifier>{4FC737F1-C7A5-4376-A066-2A32D752A2FF}</UniqueIdentifier>
      <Extensions>cpp;c;cc;cxx;def;odl;idl;hpj;bat;asm;asmx</Extensions>
    </Filter>
    <Filter Include="Header Files">
      <UniqueIdentifier>{93995380-89BD-4b04-88EB-625FBE52EBFB}</UniqueIdentifier>
      <Extensions>h;hh;hpp;hxx;hm;inl;inc;ipp;xsd</Extensions>
    </Filter>
    <Filter Include="Resource Files">
      <UniqueIdentifier>{67DA6AB6-F800-4c08-8B7A-83BB121AAD01}</UniqueIdentifier>
      <Extensions>rc;ico;cur;bmp;dlg;rc2;rct;bin;rgs;gif;jpg;jpeg;jpe;resx;tiff;tif;png;wav;mfcribbon-ms</Extensions>
    </Filter>
  </ItemGroup>
  <ItemGroup>
    <ClCompile Include="Source.cpp">
      <Filter>Source Files</Filter>
    </ClCompile>
    <ClCompile Include="classes\Player.cpp">
      <Filter>Source Files</Filter>
    </ClCompile>
    <ClCompile Include="classes\Bomb.cpp">
      <Filter>Source Files</Filter>
    </ClCompile>
    <ClCompile Include="classes\GamemodeSelector.cpp">
      <Filter>Source Files</Filter>
    </ClCompile>
    <ClCompile Include="classes\MainMenu.cpp">
      <Filter>Source Files</Filter>
    </ClCompile>
    <ClCompile Include="classes\Map.cpp">
      <Filter>Source Files</Filter>
    </ClCompile>
    <ClCompile Include="classes\MapTile.cpp">
      <Filter>Source Files</Filter>
    </ClCompile>
    <ClCompile Include="classes\Resources.cpp">
      <Filter>Source Files</Filter>
    </ClCompile>
    <ClCompile Include="classes\PlayerAnimation.cpp">
      <Filter>Source Files</Filter>
    </ClCompile>
    <ClCompile Include="classes\GameStart.cpp">
      <Filter>Source Files</Filter>
    </ClCompile>
    <ClCompile Include="classes\EnemyAnimation.cpp">
      <Filter>Source Files</Filter>
    </ClCompile>
    <ClCompile Include="classes\AIEnemy.cpp">
      <Filter>Source Files</Filter>
    </ClCompile>
    <ClCompile Include="classes\GameRound.cpp">
      <Filter>Source Files</Filter>
    </ClCompile>
    <ClCompile Include="classes\Explosion.cpp">
      <Filter>Source Files</Filter>
    </ClCompile>
    <ClCompile Include="classes\Scoreboard.cpp">
      <Filter>Source Files</Filter>
    </ClCompile>
    <ClCompile Include="classes\Controller.cpp">
      <Filter>Source Files</Filter>
    </ClCompile>
    <ClCompile Include="classes\BattleMode.cpp">
      <Filter>Source Files</Filter>
    </ClCompile>
    <ClCompile Include="classes\BattlePlayer.cpp">
      <Filter>Source Files</Filter>
    </ClCompile>
    <ClCompile Include="classes\BattleScoreboard.cpp">
      <Filter>Source Files</Filter>
    </ClCompile>
    <ClCompile Include="classes\BattleStart.cpp">
      <Filter>Source Files</Filter>
    </ClCompile>
    <ClCompile Include="classes\Random.cpp">
      <Filter>Source Files</Filter>
    </ClCompile>
  </ItemGroup>
  <ItemGroup>
    <ClInclude Include="classes\Bomb.h">
      <Filter>Header Files</Filter>
    </ClInclude>
    <ClInclude Include="classes\Player.h">
      <Filter>Header Files</Filter>
    </ClInclude>
    <ClInclude Include="classes\GamemodeSelector.h">
      <Filter>Header Files</Filter>
    </ClInclude>
    <ClInclude Include="classes\MainMenu.h">
      <Filter>Header Files</Filter>
    </ClInclude>
    <ClInclude Include="classes\Map.h">
      <Filter>Header Files</Filter>
    </ClInclude>
    <ClInclude Include="classes\MapTile.h">
      <Filter>Header Files</Filter>
    </ClInclude>
    <ClInclude Include="classes\Resources.h">
      <Filter>Header Files</Filter>
    </ClInclude>
    <ClInclude Include="classes\PlayerAnimation.h">
      <Filter>Header Files</Filter>
    </ClInclude>
    <ClInclude Include="classes\GameStart.h">
      <Filter>Header Files</Filter>
    </ClInclude>
    <ClInclude Include="classes\EnemyAnimation.h">
      <Filter>Header Files</Filter>
    </ClInclude>
    <ClInclude Include="classes\AIEnemy.h">
      <Filter>Header Files</Filter>
    </ClInclude>
    <ClInclude Include="classes\GameRound.h">
      <Filter>Header Files</Filter>
    </ClInclude>
    <ClInclude Include="classes\Explosion.h">
      <Filter>Header Files</Filter>
    </ClInclude>
    <ClInclude Include="classes\Scoreboard.h">
      <Filter>Header Files</Filter>
    </ClInclude>
    <ClInclude Include="classes\Controller.h">
      <Filter>Header Files</Filter>
    </ClInclude>
    <ClInclude Include="classes\BattleMode.h">
      <Filter>Header Files</Filter>
    </ClInclude>
    <ClInclude Include="classes\BattlePlayer.h">
      <Filter>Header Files</Filter>
    </ClInclude>
    <ClInclude Include="classes\BattleScoreboard.h">
      <Filter>Header Files</Filter>
    </ClInclude>
    <ClInclude Include="classes\BattleStart.h">
      <Filter>Header Files</Filter>
    </ClInclude>
    <ClInclude Include="classes\Random.h">
      <Filter>Header Files</Filter>
    </ClInclude>
  </ItemGroup>
  <ItemGroup>
    <Text Include="gameStates.txt" />
    <Text Include="tilesTypes.txt" />
  </ItemGroup>
</Project>